// !$*UTF8*$!
{
	archiveVersion = 1;
	classes = {
	};
	objectVersion = 56;
	objects = {

/* Begin PBXBuildFile section */
		2327351C2A28AE2800B29651 /* MapAppApp.swift in Sources */ = {isa = PBXBuildFile; fileRef = 2327351B2A28AE2800B29651 /* MapAppApp.swift */; };
		2327351E2A28AE2800B29651 /* ContentView.swift in Sources */ = {isa = PBXBuildFile; fileRef = 2327351D2A28AE2800B29651 /* ContentView.swift */; };
		232735232A28AE2A00B29651 /* Preview Assets.xcassets in Resources */ = {isa = PBXBuildFile; fileRef = 232735222A28AE2A00B29651 /* Preview Assets.xcassets */; };
		2327352A2A28AF0B00B29651 /* Assets.xcassets in Resources */ = {isa = PBXBuildFile; fileRef = 232735292A28AF0B00B29651 /* Assets.xcassets */; };
		2327352F2A28B03B00B29651 /* Location.swift in Sources */ = {isa = PBXBuildFile; fileRef = 2327352E2A28B03B00B29651 /* Location.swift */; };
		232735322A28B38900B29651 /* LocationsDataService.swift in Sources */ = {isa = PBXBuildFile; fileRef = 232735312A28B38900B29651 /* LocationsDataService.swift */; };
		232735342A28CAF700B29651 /* LocationsView.swift in Sources */ = {isa = PBXBuildFile; fileRef = 232735332A28CAF700B29651 /* LocationsView.swift */; };
		232735362A28CE5400B29651 /* LocationsViewModel.swift in Sources */ = {isa = PBXBuildFile; fileRef = 232735352A28CE5400B29651 /* LocationsViewModel.swift */; };
		232735382A28F1F100B29651 /* LocationsListView.swift in Sources */ = {isa = PBXBuildFile; fileRef = 232735372A28F1F100B29651 /* LocationsListView.swift */; };
		2327353A2A2A158000B29651 /* LocationPreviewView.swift in Sources */ = {isa = PBXBuildFile; fileRef = 232735392A2A158000B29651 /* LocationPreviewView.swift */; };
		2327353C2A2CB05600B29651 /* LocationMapAnnotationView.swift in Sources */ = {isa = PBXBuildFile; fileRef = 2327353B2A2CB05600B29651 /* LocationMapAnnotationView.swift */; };
		23C8C3ED2A2CBE6E00802D55 /* LocationDetailView.swift in Sources */ = {isa = PBXBuildFile; fileRef = 23C8C3EC2A2CBE6E00802D55 /* LocationDetailView.swift */; };
/* End PBXBuildFile section */

/* Begin PBXFileReference section */
		232735182A28AE2800B29651 /* MapApp.app */ = {isa = PBXFileReference; explicitFileType = wrapper.application; includeInIndex = 0; path = MapApp.app; sourceTree = BUILT_PRODUCTS_DIR; };
		2327351B2A28AE2800B29651 /* MapAppApp.swift */ = {isa = PBXFileReference; lastKnownFileType = sourcecode.swift; path = MapAppApp.swift; sourceTree = "<group>"; };
		2327351D2A28AE2800B29651 /* ContentView.swift */ = {isa = PBXFileReference; lastKnownFileType = sourcecode.swift; path = ContentView.swift; sourceTree = "<group>"; };
		232735222A28AE2A00B29651 /* Preview Assets.xcassets */ = {isa = PBXFileReference; lastKnownFileType = folder.assetcatalog; path = "Preview Assets.xcassets"; sourceTree = "<group>"; };
		232735292A28AF0B00B29651 /* Assets.xcassets */ = {isa = PBXFileReference; lastKnownFileType = folder.assetcatalog; path = Assets.xcassets; sourceTree = "<group>"; };
		2327352E2A28B03B00B29651 /* Location.swift */ = {isa = PBXFileReference; lastKnownFileType = sourcecode.swift; path = Location.swift; sourceTree = "<group>"; };
		232735312A28B38900B29651 /* LocationsDataService.swift */ = {isa = PBXFileReference; fileEncoding = 4; lastKnownFileType = sourcecode.swift; path = LocationsDataService.swift; sourceTree = "<group>"; };
		232735332A28CAF700B29651 /* LocationsView.swift */ = {isa = PBXFileReference; lastKnownFileType = sourcecode.swift; path = LocationsView.swift; sourceTree = "<group>"; };
		232735352A28CE5400B29651 /* LocationsViewModel.swift */ = {isa = PBXFileReference; lastKnownFileType = sourcecode.swift; path = LocationsViewModel.swift; sourceTree = "<group>"; };
		232735372A28F1F100B29651 /* LocationsListView.swift */ = {isa = PBXFileReference; lastKnownFileType = sourcecode.swift; path = LocationsListView.swift; sourceTree = "<group>"; };
		232735392A2A158000B29651 /* LocationPreviewView.swift */ = {isa = PBXFileReference; lastKnownFileType = sourcecode.swift; path = LocationPreviewView.swift; sourceTree = "<group>"; };
		2327353B2A2CB05600B29651 /* LocationMapAnnotationView.swift */ = {isa = PBXFileReference; lastKnownFileType = sourcecode.swift; path = LocationMapAnnotationView.swift; sourceTree = "<group>"; };
		23C8C3EC2A2CBE6E00802D55 /* LocationDetailView.swift */ = {isa = PBXFileReference; lastKnownFileType = sourcecode.swift; path = LocationDetailView.swift; sourceTree = "<group>"; };
		23C8C3EE2A30CE3100802D55 /* Info.plist */ = {isa = PBXFileReference; lastKnownFileType = text.plist; path = Info.plist; sourceTree = "<group>"; };
/* End PBXFileReference section */

/* Begin PBXFrameworksBuildPhase section */
		232735152A28AE2800B29651 /* Frameworks */ = {
			isa = PBXFrameworksBuildPhase;
			buildActionMask = 2147483647;
			files = (
			);
			runOnlyForDeploymentPostprocessing = 0;
		};
/* End PBXFrameworksBuildPhase section */

/* Begin PBXGroup section */
		2327350F2A28AE2800B29651 = {
			isa = PBXGroup;
			children = (
				2327351A2A28AE2800B29651 /* MapApp */,
				232735192A28AE2800B29651 /* Products */,
			);
			sourceTree = "<group>";
		};
		232735192A28AE2800B29651 /* Products */ = {
			isa = PBXGroup;
			children = (
				232735182A28AE2800B29651 /* MapApp.app */,
			);
			name = Products;
			sourceTree = "<group>";
		};
		2327351A2A28AE2800B29651 /* MapApp */ = {
			isa = PBXGroup;
			children = (
				23C8C3EE2A30CE3100802D55 /* Info.plist */,
				2327351B2A28AE2800B29651 /* MapAppApp.swift */,
				2327351D2A28AE2800B29651 /* ContentView.swift */,
				232735302A28B37600B29651 /* DataServices */,
				2327352C2A28AFDE00B29651 /* Views */,
				2327352D2A28AFE600B29651 /* ViewModels */,
				2327352B2A28AFD500B29651 /* Models */,
				232735292A28AF0B00B29651 /* Assets.xcassets */,
				232735212A28AE2A00B29651 /* Preview Content */,
			);
			path = MapApp;
			sourceTree = "<group>";
		};
		232735212A28AE2A00B29651 /* Preview Content */ = {
			isa = PBXGroup;
			children = (
				232735222A28AE2A00B29651 /* Preview Assets.xcassets */,
			);
			path = "Preview Content";
			sourceTree = "<group>";
		};
		2327352B2A28AFD500B29651 /* Models */ = {
			isa = PBXGroup;
			children = (
				2327352E2A28B03B00B29651 /* Location.swift */,
			);
			path = Models;
			sourceTree = "<group>";
		};
		2327352C2A28AFDE00B29651 /* Views */ = {
			isa = PBXGroup;
			children = (
				232735332A28CAF700B29651 /* LocationsView.swift */,
				232735372A28F1F100B29651 /* LocationsListView.swift */,
				232735392A2A158000B29651 /* LocationPreviewView.swift */,
				2327353B2A2CB05600B29651 /* LocationMapAnnotationView.swift */,
				23C8C3EC2A2CBE6E00802D55 /* LocationDetailView.swift */,
			);
			path = Views;
			sourceTree = "<group>";
		};
		2327352D2A28AFE600B29651 /* ViewModels */ = {
			isa = PBXGroup;
			children = (
				232735352A28CE5400B29651 /* LocationsViewModel.swift */,
			);
			path = ViewModels;
			sourceTree = "<group>";
		};
		232735302A28B37600B29651 /* DataServices */ = {
			isa = PBXGroup;
			children = (
				232735312A28B38900B29651 /* LocationsDataService.swift */,
			);
			path = DataServices;
			sourceTree = "<group>";
		};
/* End PBXGroup section */

/* Begin PBXNativeTarget section */
		232735172A28AE2800B29651 /* MapApp */ = {
			isa = PBXNativeTarget;
			buildConfigurationList = 232735262A28AE2A00B29651 /* Build configuration list for PBXNativeTarget "MapApp" */;
			buildPhases = (
				232735142A28AE2800B29651 /* Sources */,
				232735152A28AE2800B29651 /* Frameworks */,
				232735162A28AE2800B29651 /* Resources */,
			);
			buildRules = (
			);
			dependencies = (
			);
			name = MapApp;
			productName = MapApp;
			productReference = 232735182A28AE2800B29651 /* MapApp.app */;
			productType = "com.apple.product-type.application";
		};
/* End PBXNativeTarget section */

/* Begin PBXProject section */
		232735102A28AE2800B29651 /* Project object */ = {
			isa = PBXProject;
			attributes = {
				BuildIndependentTargetsInParallel = 1;
				LastSwiftUpdateCheck = 1420;
				LastUpgradeCheck = 1420;
				TargetAttributes = {
					232735172A28AE2800B29651 = {
						CreatedOnToolsVersion = 14.2;
					};
				};
			};
			buildConfigurationList = 232735132A28AE2800B29651 /* Build configuration list for PBXProject "MapApp" */;
			compatibilityVersion = "Xcode 14.0";
			developmentRegion = en;
			hasScannedForEncodings = 0;
			knownRegions = (
				en,
				Base,
			);
			mainGroup = 2327350F2A28AE2800B29651;
			productRefGroup = 232735192A28AE2800B29651 /* Products */;
			projectDirPath = "";
			projectRoot = "";
			targets = (
				232735172A28AE2800B29651 /* MapApp */,
			);
		};
/* End PBXProject section */

/* Begin PBXResourcesBuildPhase section */
		232735162A28AE2800B29651 /* Resources */ = {
			isa = PBXResourcesBuildPhase;
			buildActionMask = 2147483647;
			files = (
				2327352A2A28AF0B00B29651 /* Assets.xcassets in Resources */,
				232735232A28AE2A00B29651 /* Preview Assets.xcassets in Resources */,
			);
			runOnlyForDeploymentPostprocessing = 0;
		};
/* End PBXResourcesBuildPhase section */

/* Begin PBXSourcesBuildPhase section */
		232735142A28AE2800B29651 /* Sources */ = {
			isa = PBXSourcesBuildPhase;
			buildActionMask = 2147483647;
			files = (
				232735322A28B38900B29651 /* LocationsDataService.swift in Sources */,
				2327353C2A2CB05600B29651 /* LocationMapAnnotationView.swift in Sources */,
				232735382A28F1F100B29651 /* LocationsListView.swift in Sources */,
				2327353A2A2A158000B29651 /* LocationPreviewView.swift in Sources */,
				232735362A28CE5400B29651 /* LocationsViewModel.swift in Sources */,
				2327351E2A28AE2800B29651 /* ContentView.swift in Sources */,
				232735342A28CAF700B29651 /* LocationsView.swift in Sources */,
				2327352F2A28B03B00B29651 /* Location.swift in Sources */,
				23C8C3ED2A2CBE6E00802D55 /* LocationDetailView.swift in Sources */,
				2327351C2A28AE2800B29651 /* MapAppApp.swift in Sources */,
			);
			runOnlyForDeploymentPostprocessing = 0;
		};
/* End PBXSourcesBuildPhase section */

/* Begin XCBuildConfiguration section */
		232735242A28AE2A00B29651 /* Debug */ = {
			isa = XCBuildConfiguration;
			buildSettings = {
				ALWAYS_SEARCH_USER_PATHS = NO;
				CLANG_ANALYZER_NONNULL = YES;
				CLANG_ANALYZER_NUMBER_OBJECT_CONVERSION = YES_AGGRESSIVE;
				CLANG_CXX_LANGUAGE_STANDARD = "gnu++20";
				CLANG_ENABLE_MODULES = YES;
				CLANG_ENABLE_OBJC_ARC = YES;
				CLANG_ENABLE_OBJC_WEAK = YES;
				CLANG_WARN_BLOCK_CAPTURE_AUTORELEASING = YES;
				CLANG_WARN_BOOL_CONVERSION = YES;
				CLANG_WARN_COMMA = YES;
				CLANG_WARN_CONSTANT_CONVERSION = YES;
				CLANG_WARN_DEPRECATED_OBJC_IMPLEMENTATIONS = YES;
				CLANG_WARN_DIRECT_OBJC_ISA_USAGE = YES_ERROR;
				CLANG_WARN_DOCUMENTATION_COMMENTS = YES;
				CLANG_WARN_EMPTY_BODY = YES;
				CLANG_WARN_ENUM_CONVERSION = YES;
				CLANG_WARN_INFINITE_RECURSION = YES;
				CLANG_WARN_INT_CONVERSION = YES;
				CLANG_WARN_NON_LITERAL_NULL_CONVERSION = YES;
				CLANG_WARN_OBJC_IMPLICIT_RETAIN_SELF = YES;
				CLANG_WARN_OBJC_LITERAL_CONVERSION = YES;
				CLANG_WARN_OBJC_ROOT_CLASS = YES_ERROR;
				CLANG_WARN_QUOTED_INCLUDE_IN_FRAMEWORK_HEADER = YES;
				CLANG_WARN_RANGE_LOOP_ANALYSIS = YES;
				CLANG_WARN_STRICT_PROTOTYPES = YES;
				CLANG_WARN_SUSPICIOUS_MOVE = YES;
				CLANG_WARN_UNGUARDED_AVAILABILITY = YES_AGGRESSIVE;
				CLANG_WARN_UNREACHABLE_CODE = YES;
				CLANG_WARN__DUPLICATE_METHOD_MATCH = YES;
				COPY_PHASE_STRIP = NO;
				DEBUG_INFORMATION_FORMAT = dwarf;
				ENABLE_STRICT_OBJC_MSGSEND = YES;
				ENABLE_TESTABILITY = YES;
				GCC_C_LANGUAGE_STANDARD = gnu11;
				GCC_DYNAMIC_NO_PIC = NO;
				GCC_NO_COMMON_BLOCKS = YES;
				GCC_OPTIMIZATION_LEVEL = 0;
				GCC_PREPROCESSOR_DEFINITIONS = (
					"DEBUG=1",
					"$(inherited)",
				);
				GCC_WARN_64_TO_32_BIT_CONVERSION = YES;
				GCC_WARN_ABOUT_RETURN_TYPE = YES_ERROR;
				GCC_WARN_UNDECLARED_SELECTOR = YES;
				GCC_WARN_UNINITIALIZED_AUTOS = YES_AGGRESSIVE;
				GCC_WARN_UNUSED_FUNCTION = YES;
				GCC_WARN_UNUSED_VARIABLE = YES;
				IPHONEOS_DEPLOYMENT_TARGET = 16.2;
				MTL_ENABLE_DEBUG_INFO = INCLUDE_SOURCE;
				MTL_FAST_MATH = YES;
				ONLY_ACTIVE_ARCH = YES;
				SDKROOT = iphoneos;
				SWIFT_ACTIVE_COMPILATION_CONDITIONS = DEBUG;
				SWIFT_OPTIMIZATION_LEVEL = "-Onone";
			};
			name = Debug;
		};
		232735252A28AE2A00B29651 /* Release */ = {
			isa = XCBuildConfiguration;
			buildSettings = {
				ALWAYS_SEARCH_USER_PATHS = NO;
				CLANG_ANALYZER_NONNULL = YES;
				CLANG_ANALYZER_NUMBER_OBJECT_CONVERSION = YES_AGGRESSIVE;
				CLANG_CXX_LANGUAGE_STANDARD = "gnu++20";
				CLANG_ENABLE_MODULES = YES;
				CLANG_ENABLE_OBJC_ARC = YES;
				CLANG_ENABLE_OBJC_WEAK = YES;
				CLANG_WARN_BLOCK_CAPTURE_AUTORELEASING = YES;
				CLANG_WARN_BOOL_CONVERSION = YES;
				CLANG_WARN_COMMA = YES;
				CLANG_WARN_CONSTANT_CONVERSION = YES;
				CLANG_WARN_DEPRECATED_OBJC_IMPLEMENTATIONS = YES;
				CLANG_WARN_DIRECT_OBJC_ISA_USAGE = YES_ERROR;
				CLANG_WARN_DOCUMENTATION_COMMENTS = YES;
				CLANG_WARN_EMPTY_BODY = YES;
				CLANG_WARN_ENUM_CONVERSION = YES;
				CLANG_WARN_INFINITE_RECURSION = YES;
				CLANG_WARN_INT_CONVERSION = YES;
				CLANG_WARN_NON_LITERAL_NULL_CONVERSION = YES;
				CLANG_WARN_OBJC_IMPLICIT_RETAIN_SELF = YES;
				CLANG_WARN_OBJC_LITERAL_CONVERSION = YES;
				CLANG_WARN_OBJC_ROOT_CLASS = YES_ERROR;
				CLANG_WARN_QUOTED_INCLUDE_IN_FRAMEWORK_HEADER = YES;
				CLANG_WARN_RANGE_LOOP_ANALYSIS = YES;
				CLANG_WARN_STRICT_PROTOTYPES = YES;
				CLANG_WARN_SUSPICIOUS_MOVE = YES;
				CLANG_WARN_UNGUARDED_AVAILABILITY = YES_AGGRESSIVE;
				CLANG_WARN_UNREACHABLE_CODE = YES;
				CLANG_WARN__DUPLICATE_METHOD_MATCH = YES;
				COPY_PHASE_STRIP = NO;
				DEBUG_INFORMATION_FORMAT = "dwarf-with-dsym";
				ENABLE_NS_ASSERTIONS = NO;
				ENABLE_STRICT_OBJC_MSGSEND = YES;
				GCC_C_LANGUAGE_STANDARD = gnu11;
				GCC_NO_COMMON_BLOCKS = YES;
				GCC_WARN_64_TO_32_BIT_CONVERSION = YES;
				GCC_WARN_ABOUT_RETURN_TYPE = YES_ERROR;
				GCC_WARN_UNDECLARED_SELECTOR = YES;
				GCC_WARN_UNINITIALIZED_AUTOS = YES_AGGRESSIVE;
				GCC_WARN_UNUSED_FUNCTION = YES;
				GCC_WARN_UNUSED_VARIABLE = YES;
				IPHONEOS_DEPLOYMENT_TARGET = 16.2;
				MTL_ENABLE_DEBUG_INFO = NO;
				MTL_FAST_MATH = YES;
				SDKROOT = iphoneos;
				SWIFT_COMPILATION_MODE = wholemodule;
				SWIFT_OPTIMIZATION_LEVEL = "-O";
				VALIDATE_PRODUCT = YES;
			};
			name = Release;
		};
		232735272A28AE2A00B29651 /* Debug */ = {
			isa = XCBuildConfiguration;
			buildSettings = {
				ASSETCATALOG_COMPILER_APPICON_NAME = AppIcon;
				ASSETCATALOG_COMPILER_GLOBAL_ACCENT_COLOR_NAME = AccentColor;
				CODE_SIGN_STYLE = Automatic;
				CURRENT_PROJECT_VERSION = 1;
				DEVELOPMENT_ASSET_PATHS = "\"MapApp/Preview Content\"";
				DEVELOPMENT_TEAM = 87CWSKX54K;
				ENABLE_PREVIEWS = YES;
				GENERATE_INFOPLIST_FILE = YES;
				INFOPLIST_FILE = MapApp/Info.plist;
				INFOPLIST_KEY_CFBundleDisplayName = "My Locations";
				INFOPLIST_KEY_UIApplicationSceneManifest_Generation = YES;
				INFOPLIST_KEY_UIApplicationSupportsIndirectInputEvents = YES;
				INFOPLIST_KEY_UISupportedInterfaceOrientations = UIInterfaceOrientationPortrait;
				INFOPLIST_KEY_UISupportedInterfaceOrientations_iPad = "UIInterfaceOrientationLandscapeLeft UIInterfaceOrientationLandscapeRight UIInterfaceOrientationPortrait UIInterfaceOrientationPortraitUpsideDown";
				LD_RUNPATH_SEARCH_PATHS = (
					"$(inherited)",
					"@executable_path/Frameworks",
				);
				MARKETING_VERSION = 1.0;
				PRODUCT_BUNDLE_IDENTIFIER = com.andria.MapApp;
				PRODUCT_NAME = "$(TARGET_NAME)";
				SWIFT_EMIT_LOC_STRINGS = YES;
				SWIFT_VERSION = 5.0;
				TARGETED_DEVICE_FAMILY = "1,2";
			};
			name = Debug;
		};
		232735282A28AE2A00B29651 /* Release */ = {
			isa = XCBuildConfiguration;
			buildSettings = {
				ASSETCATALOG_COMPILER_APPICON_NAME = AppIcon;
				ASSETCATALOG_COMPILER_GLOBAL_ACCENT_COLOR_NAME = AccentColor;
				CODE_SIGN_STYLE = Automatic;
				CURRENT_PROJECT_VERSION = 1;
				DEVELOPMENT_ASSET_PATHS = "\"MapApp/Preview Content\"";
				DEVELOPMENT_TEAM = 87CWSKX54K;
				ENABLE_PREVIEWS = YES;
				GENERATE_INFOPLIST_FILE = YES;
				INFOPLIST_FILE = MapApp/Info.plist;
				INFOPLIST_KEY_CFBundleDisplayName = "My Locations";
				INFOPLIST_KEY_UIApplicationSceneManifest_Generation = YES;
				INFOPLIST_KEY_UIApplicationSupportsIndirectInputEvents = YES;
				INFOPLIST_KEY_UISupportedInterfaceOrientations = UIInterfaceOrientationPortrait;
				INFOPLIST_KEY_UISupportedInterfaceOrientations_iPad = "UIInterfaceOrientationLandscapeLeft UIInterfaceOrientationLandscapeRight UIInterfaceOrientationPortrait UIInterfaceOrientationPortraitUpsideDown";
				LD_RUNPATH_SEARCH_PATHS = (
					"$(inherited)",
					"@executable_path/Frameworks",
				);
				MARKETING_VERSION = 1.0;
				PRODUCT_BUNDLE_IDENTIFIER = com.andria.MapApp;
				PRODUCT_NAME = "$(TARGET_NAME)";
				SWIFT_EMIT_LOC_STRINGS = YES;
				SWIFT_VERSION = 5.0;
				TARGETED_DEVICE_FAMILY = "1,2";
			};
			name = Release;
		};
/* End XCBuildConfiguration section */

/* Begin XCConfigurationList section */
		232735132A28AE2800B29651 /* Build configuration list for PBXProject "MapApp" */ = {
			isa = XCConfigurationList;
			buildConfigurations = (
				232735242A28AE2A00B29651 /* Debug */,
				232735252A28AE2A00B29651 /* Release */,
			);
			defaultConfigurationIsVisible = 0;
			defaultConfigurationName = Release;
		};
		232735262A28AE2A00B29651 /* Build configuration list for PBXNativeTarget "MapApp" */ = {
			isa = XCConfigurationList;
			buildConfigurations = (
				232735272A28AE2A00B29651 /* Debug */,
				232735282A28AE2A00B29651 /* Release */,
			);
			defaultConfigurationIsVisible = 0;
			defaultConfigurationName = Release;
		};
/* End XCConfigurationList section */
	};
	rootObject = 232735102A28AE2800B29651 /* Project object */;
}
